{
  "name": "new",
  "version": "1.0.0",
  "lockfileVersion": 2,
  "requires": true,
  "packages": {
    "": {
      "name": "new",
      "version": "1.0.0",
      "license": "ISC",
      "dependencies": {
        "full-icu": "^1.4.0",
        "luxon": "^2.3.0",
        "three": "^0.136.0"
      },
      "devDependencies": {
        "@types/luxon": "^2.0.9"
      }
    },
    "node_modules/@types/luxon": {
      "version": "2.0.9",
      "resolved": "https://registry.npmjs.org/@types/luxon/-/luxon-2.0.9.tgz",
      "integrity": "sha512-ZuzIc7aN+i2ZDMWIiSmMdubR9EMMSTdEzF6R+FckP4p6xdnOYKqknTo/k+xXQvciSXlNGIwA4OPU5X7JIFzYdA==",
      "dev": true
    },
    "node_modules/buffer-crc32": {
      "version": "0.2.13",
      "resolved": "https://registry.npmjs.org/buffer-crc32/-/buffer-crc32-0.2.13.tgz",
      "integrity": "sha1-DTM+PwDqxQqhRUq9MO+MKl2ackI=",
      "engines": {
        "node": "*"
      }
    },
    "node_modules/fd-slicer": {
      "version": "1.1.0",
      "resolved": "https://registry.npmjs.org/fd-slicer/-/fd-slicer-1.1.0.tgz",
      "integrity": "sha1-JcfInLH5B3+IkbvmHY85Dq4lbx4=",
      "dependencies": {
        "pend": "~1.2.0"
      }
    },
    "node_modules/full-icu": {
      "version": "1.4.0",
      "resolved": "https://registry.npmjs.org/full-icu/-/full-icu-1.4.0.tgz",
      "integrity": "sha512-pH8z7WVKJ3QR/8UoIOZupjRCYqpMFSxjPruYbPS8Ra19UGHuUEsnXP8+ny8o7KCF/AZcEkzJXAtGsveYbP17Uw==",
      "hasInstallScript": true,
      "dependencies": {
        "yauzl": "^2.10.0"
      },
      "bin": {
        "full-icu": "node-full-icu.js",
        "node-full-icu-path": "node-icu-data.js"
      }
    },
    "node_modules/luxon": {
      "version": "2.3.0",
      "resolved": "https://registry.npmjs.org/luxon/-/luxon-2.3.0.tgz",
      "integrity": "sha512-gv6jZCV+gGIrVKhO90yrsn8qXPKD8HYZJtrUDSfEbow8Tkw84T9OnCyJhWvnJIaIF/tBuiAjZuQHUt1LddX2mg==",
      "engines": {
        "node": ">=12"
      }
    },
    "node_modules/pend": {
      "version": "1.2.0",
      "resolved": "https://registry.npmjs.org/pend/-/pend-1.2.0.tgz",
      "integrity": "sha1-elfrVQpng/kRUzH89GY9XI4AelA="
    },
    "node_modules/three": {
      "version": "0.136.0",
      "resolved": "https://registry.npmjs.org/three/-/three-0.136.0.tgz",
      "integrity": "sha512-+fEMX7nYLz2ZesVP/dyifli5Jf8gR3XPAnFJveQ80aMhibFduzrADnjMbARXh8+W9qLK7rshJCjAIL/6cDxC+A=="
    },
    "node_modules/yauzl": {
      "version": "2.10.0",
      "resolved": "https://registry.npmjs.org/yauzl/-/yauzl-2.10.0.tgz",
      "integrity": "sha1-x+sXyT4RLLEIb6bY5R+wZnt5pfk=",
      "dependencies": {
        "buffer-crc32": "~0.2.3",
        "fd-slicer": "~1.1.0"
      }
    }
  },
  "dependencies": {
    "@types/luxon": {
      "version": "2.0.9",
      "resolved": "https://registry.npmjs.org/@types/luxon/-/luxon-2.0.9.tgz",
      "integrity": "sha512-ZuzIc7aN+i2ZDMWIiSmMdubR9EMMSTdEzF6R+FckP4p6xdnOYKqknTo/k+xXQvciSXlNGIwA4OPU5X7JIFzYdA==",
      "dev": true
    },
    "buffer-crc32": {
      "version": "0.2.13",
      "resolved": "https://registry.npmjs.org/buffer-crc32/-/buffer-crc32-0.2.13.tgz",
      "integrity": "sha1-DTM+PwDqxQqhRUq9MO+MKl2ackI="
    },
    "fd-slicer": {
      "version": "1.1.0",
      "resolved": "https://registry.npmjs.org/fd-slicer/-/fd-slicer-1.1.0.tgz",
      "integrity": "sha1-JcfInLH5B3+IkbvmHY85Dq4lbx4=",
      "requires": {
        "pend": "~1.2.0"
      }
    },
    "full-icu": {
      "version": "1.4.0",
      "resolved": "https://registry.npmjs.org/full-icu/-/full-icu-1.4.0.tgz",
      "integrity": "sha512-pH8z7WVKJ3QR/8UoIOZupjRCYqpMFSxjPruYbPS8Ra19UGHuUEsnXP8+ny8o7KCF/AZcEkzJXAtGsveYbP17Uw==",
      "requires": {
        "yauzl": "^2.10.0"
      }
    },
    "luxon": {
      "version": "2.3.0",
      "resolved": "https://registry.npmjs.org/luxon/-/luxon-2.3.0.tgz",
      "integrity": "sha512-gv6jZCV+gGIrVKhO90yrsn8qXPKD8HYZJtrUDSfEbow8Tkw84T9OnCyJhWvnJIaIF/tBuiAjZuQHUt1LddX2mg=="
    },
    "pend": {
      "version": "1.2.0",
      "resolved": "https://registry.npmjs.org/pend/-/pend-1.2.0.tgz",
      "integrity": "sha1-elfrVQpng/kRUzH89GY9XI4AelA="
    },
    "three": {
      "version": "0.136.0",
      "resolved": "https://registry.npmjs.org/three/-/three-0.136.0.tgz",
      "integrity": "sha512-+fEMX7nYLz2ZesVP/dyifli5Jf8gR3XPAnFJveQ80aMhibFduzrADnjMbARXh8+W9qLK7rshJCjAIL/6cDxC+A=="
    },
    "yauzl": {
      "version": "2.10.0",
      "resolved": "https://registry.npmjs.org/yauzl/-/yauzl-2.10.0.tgz",
      "integrity": "sha1-x+sXyT4RLLEIb6bY5R+wZnt5pfk=",
      "requires": {
        "buffer-crc32": "~0.2.3",
        "fd-slicer": "~1.1.0"
      }
    }
  }
}
